
Microsoft Visual Studio Solution File, Format Version 12.00
# Visual Studio Version 17
VisualStudioVersion = 17.3.32901.215
MinimumVisualStudioVersion = 10.0.40219.1
Project("{8BC9CEB8-8B4A-11D0-8D11-00A0C91BC942}") = "IsPalindrome", "IsPalindrome.vcxproj", "{C16D1AAA-5456-48E4-B401-DECEA702FB01}"
EndProject
Global
	GlobalSection(SolutionConfigurationPlatforms) = preSolution
		Debug|x64 = Debug|x64
		Debug|x86 = Debug|x86
		Release|x64 = Release|x64
		Release|x86 = Release|x86
	EndGlobalSection
	GlobalSection(ProjectConfigurationPlatforms) = postSolution
		{C16D1AAA-5456-48E4-B401-DECEA702FB01}.Debug|x64.ActiveCfg = Debug|x64
		{C16D1AAA-5456-48E4-B401-DECEA702FB01}.Debug|x64.Build.0 = Debug|x64
		{C16D1AAA-5456-48E4-B401-DECEA702FB01}.Debug|x86.ActiveCfg = Debug|Win32
		{C16D1AAA-5456-48E4-B401-DECEA702FB01}.Debug|x86.Build.0 = Debug|Win32
		{C16D1AAA-5456-48E4-B401-DECEA702FB01}.Release|x64.ActiveCfg = Release|x64
		{C16D1AAA-5456-48E4-B401-DECEA702FB01}.Release|x64.Build.0 = Release|x64
		{C16D1AAA-5456-48E4-B401-DECEA702FB01}.Release|x86.ActiveCfg = Release|Win32
		{C16D1AAA-5456-48E4-B401-DECEA702FB01}.Release|x86.Build.0 = Release|Win32
	EndGlobalSection
	GlobalSection(SolutionProperties) = preSolution
		HideSolutionNode = FALSE
	EndGlobalSection
	GlobalSection(ExtensibilityGlobals) = postSolution
		SolutionGuid = {4C301BA3-3286-4C96-B935-9C1A130DF2DF}
	EndGlobalSection
EndGlobal
